// !$*UTF8*$!
{
	archiveVersion = 1;
	classes = {
	};
	objectVersion = 46;
	objects = {

/* Begin PBXBuildFile section */
		8F4377801B4637A500101EC9 /* AppDelegate.swift in Sources */ = {isa = PBXBuildFile; fileRef = 8F43777F1B4637A500101EC9 /* AppDelegate.swift */; };
		8F4377821B4637A500101EC9 /* ViewController.swift in Sources */ = {isa = PBXBuildFile; fileRef = 8F4377811B4637A500101EC9 /* ViewController.swift */; };
		8F4377851B4637A500101EC9 /* Main.storyboard in Resources */ = {isa = PBXBuildFile; fileRef = 8F4377831B4637A500101EC9 /* Main.storyboard */; };
		8F4377871B4637A500101EC9 /* Images.xcassets in Resources */ = {isa = PBXBuildFile; fileRef = 8F4377861B4637A500101EC9 /* Images.xcassets */; };
		8F43778A1B4637A500101EC9 /* LaunchScreen.xib in Resources */ = {isa = PBXBuildFile; fileRef = 8F4377881B4637A500101EC9 /* LaunchScreen.xib */; };
		8F4377961B4637A500101EC9 /* Log_in_appTests.swift in Sources */ = {isa = PBXBuildFile; fileRef = 8F4377951B4637A500101EC9 /* Log_in_appTests.swift */; };
/* End PBXBuildFile section */

/* Begin PBXContainerItemProxy section */
		8F4377901B4637A500101EC9 /* PBXContainerItemProxy */ = {
			isa = PBXContainerItemProxy;
			containerPortal = 8F4377721B4637A500101EC9 /* Project object */;
			proxyType = 1;
			remoteGlobalIDString = 8F4377791B4637A500101EC9;
			remoteInfo = "Log in app";
		};
/* End PBXContainerItemProxy section */

/* Begin PBXFileReference section */
		8F43777A1B4637A500101EC9 /* Log in app.app */ = {isa = PBXFileReference; explicitFileType = wrapper.application; includeInIndex = 0; path = "Log in app.app"; sourceTree = BUILT_PRODUCTS_DIR; };
		8F43777E1B4637A500101EC9 /* Info.plist */ = {isa = PBXFileReference; lastKnownFileType = text.plist.xml; path = Info.plist; sourceTree = "<group>"; };
		8F43777F1B4637A500101EC9 /* AppDelegate.swift */ = {isa = PBXFileReference; lastKnownFileType = sourcecode.swift; path = AppDelegate.swift; sourceTree = "<group>"; };
		8F4377811B4637A500101EC9 /* ViewController.swift */ = {isa = PBXFileReference; lastKnownFileType = sourcecode.swift; path = ViewController.swift; sourceTree = "<group>"; };
		8F4377841B4637A500101EC9 /* Base */ = {isa = PBXFileReference; lastKnownFileType = file.storyboard; name = Base; path = Base.lproj/Main.storyboard; sourceTree = "<group>"; };
		8F4377861B4637A500101EC9 /* Images.xcassets */ = {isa = PBXFileReference; lastKnownFileType = folder.assetcatalog; path = Images.xcassets; sourceTree = "<group>"; };
		8F4377891B4637A500101EC9 /* Base */ = {isa = PBXFileReference; lastKnownFileType = file.xib; name = Base; path = Base.lproj/LaunchScreen.xib; sourceTree = "<group>"; };
		8F43778F1B4637A500101EC9 /* Log in appTests.xctest */ = {isa = PBXFileReference; explicitFileType = wrapper.cfbundle; includeInIndex = 0; path = "Log in appTests.xctest"; sourceTree = BUILT_PRODUCTS_DIR; };
		8F4377941B4637A500101EC9 /* Info.plist */ = {isa = PBXFileReference; lastKnownFileType = text.plist.xml; path = Info.plist; sourceTree = "<group>"; };
		8F4377951B4637A500101EC9 /* Log_in_appTests.swift */ = {isa = PBXFileReference; lastKnownFileType = sourcecode.swift; path = Log_in_appTests.swift; sourceTree = "<group>"; };
/* End PBXFileReference section */

/* Begin PBXFrameworksBuildPhase section */
		8F4377771B4637A500101EC9 /* Frameworks */ = {
			isa = PBXFrameworksBuildPhase;
			buildActionMask = 2147483647;
			files = (
			);
			runOnlyForDeploymentPostprocessing = 0;
		};
		8F43778C1B4637A500101EC9 /* Frameworks */ = {
			isa = PBXFrameworksBuildPhase;
			buildActionMask = 2147483647;
			files = (
			);
			runOnlyForDeploymentPostprocessing = 0;
		};
/* End PBXFrameworksBuildPhase section */

/* Begin PBXGroup section */
		8F4377711B4637A500101EC9 = {
			isa = PBXGroup;
			children = (
				8F43777C1B4637A500101EC9 /* Log in app */,
				8F4377921B4637A500101EC9 /* Log in appTests */,
				8F43777B1B4637A500101EC9 /* Products */,
			);
			sourceTree = "<group>";
		};
		8F43777B1B4637A500101EC9 /* Products */ = {
			isa = PBXGroup;
			children = (
				8F43777A1B4637A500101EC9 /* Log in app.app */,
				8F43778F1B4637A500101EC9 /* Log in appTests.xctest */,
			);
			name = Products;
			sourceTree = "<group>";
		};
		8F43777C1B4637A500101EC9 /* Log in app */ = {
			isa = PBXGroup;
			children = (
				8F43777F1B4637A500101EC9 /* AppDelegate.swift */,
				8F4377811B4637A500101EC9 /* ViewController.swift */,
				8F4377831B4637A500101EC9 /* Main.storyboard */,
				8F4377861B4637A500101EC9 /* Images.xcassets */,
				8F4377881B4637A500101EC9 /* LaunchScreen.xib */,
				8F43777D1B4637A500101EC9 /* Supporting Files */,
			);
			path = "Log in app";
			sourceTree = "<group>";
		};
		8F43777D1B4637A500101EC9 /* Supporting Files */ = {
			isa = PBXGroup;
			children = (
				8F43777E1B4637A500101EC9 /* Info.plist */,
			);
			name = "Supporting Files";
			sourceTree = "<group>";
		};
		8F4377921B4637A500101EC9 /* Log in appTests */ = {
			isa = PBXGroup;
			children = (
				8F4377951B4637A500101EC9 /* Log_in_appTests.swift */,
				8F4377931B4637A500101EC9 /* Supporting Files */,
			);
			path = "Log in appTests";
			sourceTree = "<group>";
		};
		8F4377931B4637A500101EC9 /* Supporting Files */ = {
			isa = PBXGroup;
			children = (
				8F4377941B4637A500101EC9 /* Info.plist */,
			);
			name = "Supporting Files";
			sourceTree = "<group>";
		};
/* End PBXGroup section */

/* Begin PBXNativeTarget section */
		8F4377791B4637A500101EC9 /* Log in app */ = {
			isa = PBXNativeTarget;
			buildConfigurationList = 8F4377991B4637A500101EC9 /* Build configuration list for PBXNativeTarget "Log in app" */;
			buildPhases = (
				8F4377761B4637A500101EC9 /* Sources */,
				8F4377771B4637A500101EC9 /* Frameworks */,
				8F4377781B4637A500101EC9 /* Resources */,
			);
			buildRules = (
			);
			dependencies = (
			);
			name = "Log in app";
			productName = "Log in app";
			productReference = 8F43777A1B4637A500101EC9 /* Log in app.app */;
			productType = "com.apple.product-type.application";
		};
		8F43778E1B4637A500101EC9 /* Log in appTests */ = {
			isa = PBXNativeTarget;
			buildConfigurationList = 8F43779C1B4637A500101EC9 /* Build configuration list for PBXNativeTarget "Log in appTests" */;
			buildPhases = (
				8F43778B1B4637A500101EC9 /* Sources */,
				8F43778C1B4637A500101EC9 /* Frameworks */,
				8F43778D1B4637A500101EC9 /* Resources */,
			);
			buildRules = (
			);
			dependencies = (
				8F4377911B4637A500101EC9 /* PBXTargetDependency */,
			);
			name = "Log in appTests";
			productName = "Log in appTests";
			productReference = 8F43778F1B4637A500101EC9 /* Log in appTests.xctest */;
			productType = "com.apple.product-type.bundle.unit-test";
		};
/* End PBXNativeTarget section */

/* Begin PBXProject section */
		8F4377721B4637A500101EC9 /* Project object */ = {
			isa = PBXProject;
			attributes = {
				LastUpgradeCheck = 0630;
				ORGANIZATIONNAME = "Brad Gray";
				TargetAttributes = {
					8F4377791B4637A500101EC9 = {
						CreatedOnToolsVersion = 6.3.2;
					};
					8F43778E1B4637A500101EC9 = {
						CreatedOnToolsVersion = 6.3.2;
						TestTargetID = 8F4377791B4637A500101EC9;
					};
				};
			};
			buildConfigurationList = 8F4377751B4637A500101EC9 /* Build configuration list for PBXProject "Log in app" */;
			compatibilityVersion = "Xcode 3.2";
			developmentRegion = English;
			hasScannedForEncodings = 0;
			knownRegions = (
				en,
				Base,
			);
			mainGroup = 8F4377711B4637A500101EC9;
			productRefGroup = 8F43777B1B4637A500101EC9 /* Products */;
			projectDirPath = "";
			projectRoot = "";
			targets = (
				8F4377791B4637A500101EC9 /* Log in app */,
				8F43778E1B4637A500101EC9 /* Log in appTests */,
			);
		};
/* End PBXProject section */

/* Begin PBXResourcesBuildPhase section */
		8F4377781B4637A500101EC9 /* Resources */ = {
			isa = PBXResourcesBuildPhase;
			buildActionMask = 2147483647;
			files = (
				8F4377851B4637A500101EC9 /* Main.storyboard in Resources */,
				8F43778A1B4637A500101EC9 /* LaunchScreen.xib in Resources */,
				8F4377871B4637A500101EC9 /* Images.xcassets in Resources */,
			);
			runOnlyForDeploymentPostprocessing = 0;
		};
		8F43778D1B4637A500101EC9 /* Resources */ = {
			isa = PBXResourcesBuildPhase;
			buildActionMask = 2147483647;
			files = (
			);
			runOnlyForDeploymentPostprocessing = 0;
		};
/* End PBXResourcesBuildPhase section */

/* Begin PBXSourcesBuildPhase section */
		8F4377761B4637A500101EC9 /* Sources */ = {
			isa = PBXSourcesBuildPhase;
			buildActionMask = 2147483647;
			files = (
				8F4377821B4637A500101EC9 /* ViewController.swift in Sources */,
				8F4377801B4637A500101EC9 /* AppDelegate.swift in Sources */,
			);
			runOnlyForDeploymentPostprocessing = 0;
		};
		8F43778B1B4637A500101EC9 /* Sources */ = {
			isa = PBXSourcesBuildPhase;
			buildActionMask = 2147483647;
			files = (
				8F4377961B4637A500101EC9 /* Log_in_appTests.swift in Sources */,
			);
			runOnlyForDeploymentPostprocessing = 0;
		};
/* End PBXSourcesBuildPhase section */

/* Begin PBXTargetDependency section */
		8F4377911B4637A500101EC9 /* PBXTargetDependency */ = {
			isa = PBXTargetDependency;
			target = 8F4377791B4637A500101EC9 /* Log in app */;
			targetProxy = 8F4377901B4637A500101EC9 /* PBXContainerItemProxy */;
		};
/* End PBXTargetDependency section */

/* Begin PBXVariantGroup section */
		8F4377831B4637A500101EC9 /* Main.storyboard */ = {
			isa = PBXVariantGroup;
			children = (
				8F4377841B4637A500101EC9 /* Base */,
			);
			name = Main.storyboard;
			sourceTree = "<group>";
		};
		8F4377881B4637A500101EC9 /* LaunchScreen.xib */ = {
			isa = PBXVariantGroup;
			children = (
				8F4377891B4637A500101EC9 /* Base */,
			);
			name = LaunchScreen.xib;
			sourceTree = "<group>";
		};
/* End PBXVariantGroup section */

/* Begin XCBuildConfiguration section */
		8F4377971B4637A500101EC9 /* Debug */ = {
			isa = XCBuildConfiguration;
			buildSettings = {
				ALWAYS_SEARCH_USER_PATHS = NO;
				CLANG_CXX_LANGUAGE_STANDARD = "gnu++0x";
				CLANG_CXX_LIBRARY = "libc++";
				CLANG_ENABLE_MODULES = YES;
				CLANG_ENABLE_OBJC_ARC = YES;
				CLANG_WARN_BOOL_CONVERSION = YES;
				CLANG_WARN_CONSTANT_CONVERSION = YES;
				CLANG_WARN_DIRECT_OBJC_ISA_USAGE = YES_ERROR;
				CLANG_WARN_EMPTY_BODY = YES;
				CLANG_WARN_ENUM_CONVERSION = YES;
				CLANG_WARN_INT_CONVERSION = YES;
				CLANG_WARN_OBJC_ROOT_CLASS = YES_ERROR;
				CLANG_WARN_UNREACHABLE_CODE = YES;
				CLANG_WARN__DUPLICATE_METHOD_MATCH = YES;
				"CODE_SIGN_IDENTITY[sdk=iphoneos*]" = "iPhone Developer";
				COPY_PHASE_STRIP = NO;
				DEBUG_INFORMATION_FORMAT = "dwarf-with-dsym";
				ENABLE_STRICT_OBJC_MSGSEND = YES;
				GCC_C_LANGUAGE_STANDARD = gnu99;
				GCC_DYNAMIC_NO_PIC = NO;
				GCC_NO_COMMON_BLOCKS = YES;
				GCC_OPTIMIZATION_LEVEL = 0;
				GCC_PREPROCESSOR_DEFINITIONS = (
					"DEBUG=1",
					"$(inherited)",
				);
				GCC_SYMBOLS_PRIVATE_EXTERN = NO;
				GCC_WARN_64_TO_32_BIT_CONVERSION = YES;
				GCC_WARN_ABOUT_RETURN_TYPE = YES_ERROR;
				GCC_WARN_UNDECLARED_SELECTOR = YES;
				GCC_WARN_UNINITIALIZED_AUTOS = YES_AGGRESSIVE;
				GCC_WARN_UNUSED_FUNCTION = YES;
				GCC_WARN_UNUSED_VARIABLE = YES;
				IPHONEOS_DEPLOYMENT_TARGET = 8.3;
				MTL_ENABLE_DEBUG_INFO = YES;
				ONLY_ACTIVE_ARCH = YES;
				SDKROOT = iphoneos;
				SWIFT_OPTIMIZATION_LEVEL = "-Onone";
			};
			name = Debug;
		};
		8F4377981B4637A500101EC9 /* Release */ = {
			isa = XCBuildConfiguration;
			buildSettings = {
				ALWAYS_SEARCH_USER_PATHS = NO;
				CLANG_CXX_LANGUAGE_STANDARD = "gnu++0x";
				CLANG_CXX_LIBRARY = "libc++";
				CLANG_ENABLE_MODULES = YES;
				CLANG_ENABLE_OBJC_ARC = YES;
				CLANG_WARN_BOOL_CONVERSION = YES;
				CLANG_WARN_CONSTANT_CONVERSION = YES;
				CLANG_WARN_DIRECT_OBJC_ISA_USAGE = YES_ERROR;
				CLANG_WARN_EMPTY_BODY = YES;
				CLANG_WARN_ENUM_CONVERSION = YES;
				CLANG_WARN_INT_CONVERSION = YES;
				CLANG_WARN_OBJC_ROOT_CLASS = YES_ERROR;
				CLANG_WARN_UNREACHABLE_CODE = YES;
				CLANG_WARN__DUPLICATE_METHOD_MATCH = YES;
				"CODE_SIGN_IDENTITY[sdk=iphoneos*]" = "iPhone Developer";
				COPY_PHASE_STRIP = NO;
				DEBUG_INFORMATION_FORMAT = "dwarf-with-dsym";
				ENABLE_NS_ASSERTIONS = NO;
				ENABLE_STRICT_OBJC_MSGSEND = YES;
				GCC_C_LANGUAGE_STANDARD = gnu99;
				GCC_NO_COMMON_BLOCKS = YES;
				GCC_WARN_64_TO_32_BIT_CONVERSION = YES;
				GCC_WARN_ABOUT_RETURN_TYPE = YES_ERROR;
				GCC_WARN_UNDECLARED_SELECTOR = YES;
				GCC_WARN_UNINITIALIZED_AUTOS = YES_AGGRESSIVE;
				GCC_WARN_UNUSED_FUNCTION = YES;
				GCC_WARN_UNUSED_VARIABLE = YES;
				IPHONEOS_DEPLOYMENT_TARGET = 8.3;
				MTL_ENABLE_DEBUG_INFO = NO;
				SDKROOT = iphoneos;
				VALIDATE_PRODUCT = YES;
			};
			name = Release;
		};
		8F43779A1B4637A500101EC9 /* Debug */ = {
			isa = XCBuildConfiguration;
			buildSettings = {
				ASSETCATALOG_COMPILER_APPICON_NAME = AppIcon;
				INFOPLIST_FILE = "Log in app/Info.plist";
				LD_RUNPATH_SEARCH_PATHS = "$(inherited) @executable_path/Frameworks";
				PRODUCT_NAME = "$(TARGET_NAME)";
			};
			name = Debug;
		};
		8F43779B1B4637A500101EC9 /* Release */ = {
			isa = XCBuildConfiguration;
			buildSettings = {
				ASSETCATALOG_COMPILER_APPICON_NAME = AppIcon;
				INFOPLIST_FILE = "Log in app/Info.plist";
				LD_RUNPATH_SEARCH_PATHS = "$(inherited) @executable_path/Frameworks";
				PRODUCT_NAME = "$(TARGET_NAME)";
			};
			name = Release;
		};
		8F43779D1B4637A500101EC9 /* Debug */ = {
			isa = XCBuildConfiguration;
			buildSettings = {
				BUNDLE_LOADER = "$(TEST_HOST)";
				FRAMEWORK_SEARCH_PATHS = (
					"$(SDKROOT)/Developer/Library/Frameworks",
					"$(inherited)",
				);
				GCC_PREPROCESSOR_DEFINITIONS = (
					"DEBUG=1",
					"$(inherited)",
				);
				INFOPLIST_FILE = "Log in appTests/Info.plist";
				LD_RUNPATH_SEARCH_PATHS = "$(inherited) @executable_path/Frameworks @loader_path/Frameworks";
				PRODUCT_NAME = "$(TARGET_NAME)";
				TEST_HOST = "$(BUILT_PRODUCTS_DIR)/Log in app.app/Log in app";
			};
			name = Debug;
		};
		8F43779E1B4637A500101EC9 /* Release */ = {
			isa = XCBuildConfiguration;
			buildSettings = {
				BUNDLE_LOADER = "$(TEST_HOST)";
				FRAMEWORK_SEARCH_PATHS = (
					"$(SDKROOT)/Developer/Library/Frameworks",
					"$(inherited)",
				);
				INFOPLIST_FILE = "Log in appTests/Info.plist";
				LD_RUNPATH_SEARCH_PATHS = "$(inherited) @executable_path/Frameworks @loader_path/Frameworks";
				PRODUCT_NAME = "$(TARGET_NAME)";
				TEST_HOST = "$(BUILT_PRODUCTS_DIR)/Log in app.app/Log in app";
			};
			name = Release;
		};
/* End XCBuildConfiguration section */

/* Begin XCConfigurationList section */
		8F4377751B4637A500101EC9 /* Build configuration list for PBXProject "Log in app" */ = {
			isa = XCConfigurationList;
			buildConfigurations = (
				8F4377971B4637A500101EC9 /* Debug */,
				8F4377981B4637A500101EC9 /* Release */,
			);
			defaultConfigurationIsVisible = 0;
			defaultConfigurationName = Release;
		};
		8F4377991B4637A500101EC9 /* Build configuration list for PBXNativeTarget "Log in app" */ = {
			isa = XCConfigurationList;
			buildConfigurations = (
				8F43779A1B4637A500101EC9 /* Debug */,
				8F43779B1B4637A500101EC9 /* Release */,
			);
			defaultConfigurationIsVisible = 0;
		};
		8F43779C1B4637A500101EC9 /* Build configuration list for PBXNativeTarget "Log in appTests" */ = {
			isa = XCConfigurationList;
			buildConfigurations = (
				8F43779D1B4637A500101EC9 /* Debug */,
				8F43779E1B4637A500101EC9 /* Release */,
			);
			defaultConfigurationIsVisible = 0;
		};
/* End XCConfigurationList section */
	};
	rootObject = 8F4377721B4637A500101EC9 /* Project object */;
}
